// !$*UTF8*$!
{
	archiveVersion = 1;
	classes = {
	};
	objectVersion = 55;
	objects = {

/* Begin PBXBuildFile section */
		94AED8D428161ED200B0FA6F /* NewTweetView.swift in Sources */ = {isa = PBXBuildFile; fileRef = 94AED8D328161ED200B0FA6F /* NewTweetView.swift */; };
		94AED8D62816206400B0FA6F /* TextArea.swift in Sources */ = {isa = PBXBuildFile; fileRef = 94AED8D52816206400B0FA6F /* TextArea.swift */; };
		94C84C0B2815B47C0073581A /* TwitterCloneSwiftUIApp.swift in Sources */ = {isa = PBXBuildFile; fileRef = 94C84C0A2815B47C0073581A /* TwitterCloneSwiftUIApp.swift */; };
		94C84C0D2815B47C0073581A /* ContentView.swift in Sources */ = {isa = PBXBuildFile; fileRef = 94C84C0C2815B47C0073581A /* ContentView.swift */; };
		94C84C0F2815B47E0073581A /* Assets.xcassets in Resources */ = {isa = PBXBuildFile; fileRef = 94C84C0E2815B47E0073581A /* Assets.xcassets */; };
		94C84C122815B47E0073581A /* Preview Assets.xcassets in Resources */ = {isa = PBXBuildFile; fileRef = 94C84C112815B47E0073581A /* Preview Assets.xcassets */; };
		94C84C212815B6100073581A /* FeedView.swift in Sources */ = {isa = PBXBuildFile; fileRef = 94C84C202815B6100073581A /* FeedView.swift */; };
		94C84C242815B6E50073581A /* TweetRowView.swift in Sources */ = {isa = PBXBuildFile; fileRef = 94C84C232815B6E50073581A /* TweetRowView.swift */; };
		94C84C272815C18C0073581A /* MainTabView.swift in Sources */ = {isa = PBXBuildFile; fileRef = 94C84C262815C18C0073581A /* MainTabView.swift */; };
		94C84C2D2815C32B0073581A /* ExploreView.swift in Sources */ = {isa = PBXBuildFile; fileRef = 94C84C2C2815C32B0073581A /* ExploreView.swift */; };
		94C84C2F2815C38D0073581A /* NotificationsView.swift in Sources */ = {isa = PBXBuildFile; fileRef = 94C84C2E2815C38D0073581A /* NotificationsView.swift */; };
		94C84C312815C3C60073581A /* MessagesView.swift in Sources */ = {isa = PBXBuildFile; fileRef = 94C84C302815C3C60073581A /* MessagesView.swift */; };
		94C84C392815C5820073581A /* ProfileView.swift in Sources */ = {isa = PBXBuildFile; fileRef = 94C84C382815C5820073581A /* ProfileView.swift */; };
		94C84C3B2815CF210073581A /* TweetFilterViewModel.swift in Sources */ = {isa = PBXBuildFile; fileRef = 94C84C3A2815CF210073581A /* TweetFilterViewModel.swift */; };
		94C84C402815D6910073581A /* UserRowView.swift in Sources */ = {isa = PBXBuildFile; fileRef = 94C84C3F2815D6910073581A /* UserRowView.swift */; };
		94C84C452815DFED0073581A /* SideMenuView.swift in Sources */ = {isa = PBXBuildFile; fileRef = 94C84C442815DFED0073581A /* SideMenuView.swift */; };
		94C84C472815E0070073581A /* SideMenuOptionRowView.swift in Sources */ = {isa = PBXBuildFile; fileRef = 94C84C462815E0070073581A /* SideMenuOptionRowView.swift */; };
		94C84C492815E02B0073581A /* SideMenuViewModel.swift in Sources */ = {isa = PBXBuildFile; fileRef = 94C84C482815E02B0073581A /* SideMenuViewModel.swift */; };
		94C84C4B2815E2420073581A /* UserStateView.swift in Sources */ = {isa = PBXBuildFile; fileRef = 94C84C4A2815E2420073581A /* UserStateView.swift */; };
/* End PBXBuildFile section */

/* Begin PBXFileReference section */
		94AED8D328161ED200B0FA6F /* NewTweetView.swift */ = {isa = PBXFileReference; lastKnownFileType = sourcecode.swift; path = NewTweetView.swift; sourceTree = "<group>"; };
		94AED8D52816206400B0FA6F /* TextArea.swift */ = {isa = PBXFileReference; lastKnownFileType = sourcecode.swift; path = TextArea.swift; sourceTree = "<group>"; };
		94C84C072815B47C0073581A /* TwitterCloneSwiftUI.app */ = {isa = PBXFileReference; explicitFileType = wrapper.application; includeInIndex = 0; path = TwitterCloneSwiftUI.app; sourceTree = BUILT_PRODUCTS_DIR; };
		94C84C0A2815B47C0073581A /* TwitterCloneSwiftUIApp.swift */ = {isa = PBXFileReference; lastKnownFileType = sourcecode.swift; path = TwitterCloneSwiftUIApp.swift; sourceTree = "<group>"; };
		94C84C0C2815B47C0073581A /* ContentView.swift */ = {isa = PBXFileReference; lastKnownFileType = sourcecode.swift; path = ContentView.swift; sourceTree = "<group>"; };
		94C84C0E2815B47E0073581A /* Assets.xcassets */ = {isa = PBXFileReference; lastKnownFileType = folder.assetcatalog; path = Assets.xcassets; sourceTree = "<group>"; };
		94C84C112815B47E0073581A /* Preview Assets.xcassets */ = {isa = PBXFileReference; lastKnownFileType = folder.assetcatalog; path = "Preview Assets.xcassets"; sourceTree = "<group>"; };
		94C84C202815B6100073581A /* FeedView.swift */ = {isa = PBXFileReference; lastKnownFileType = sourcecode.swift; path = FeedView.swift; sourceTree = "<group>"; };
		94C84C232815B6E50073581A /* TweetRowView.swift */ = {isa = PBXFileReference; lastKnownFileType = sourcecode.swift; path = TweetRowView.swift; sourceTree = "<group>"; };
		94C84C262815C18C0073581A /* MainTabView.swift */ = {isa = PBXFileReference; lastKnownFileType = sourcecode.swift; path = MainTabView.swift; sourceTree = "<group>"; };
		94C84C2C2815C32B0073581A /* ExploreView.swift */ = {isa = PBXFileReference; lastKnownFileType = sourcecode.swift; path = ExploreView.swift; sourceTree = "<group>"; };
		94C84C2E2815C38D0073581A /* NotificationsView.swift */ = {isa = PBXFileReference; lastKnownFileType = sourcecode.swift; path = NotificationsView.swift; sourceTree = "<group>"; };
		94C84C302815C3C60073581A /* MessagesView.swift */ = {isa = PBXFileReference; lastKnownFileType = sourcecode.swift; path = MessagesView.swift; sourceTree = "<group>"; };
		94C84C382815C5820073581A /* ProfileView.swift */ = {isa = PBXFileReference; lastKnownFileType = sourcecode.swift; path = ProfileView.swift; sourceTree = "<group>"; };
		94C84C3A2815CF210073581A /* TweetFilterViewModel.swift */ = {isa = PBXFileReference; lastKnownFileType = sourcecode.swift; path = TweetFilterViewModel.swift; sourceTree = "<group>"; };
		94C84C3F2815D6910073581A /* UserRowView.swift */ = {isa = PBXFileReference; lastKnownFileType = sourcecode.swift; path = UserRowView.swift; sourceTree = "<group>"; };
		94C84C442815DFED0073581A /* SideMenuView.swift */ = {isa = PBXFileReference; lastKnownFileType = sourcecode.swift; path = SideMenuView.swift; sourceTree = "<group>"; };
		94C84C462815E0070073581A /* SideMenuOptionRowView.swift */ = {isa = PBXFileReference; lastKnownFileType = sourcecode.swift; path = SideMenuOptionRowView.swift; sourceTree = "<group>"; };
		94C84C482815E02B0073581A /* SideMenuViewModel.swift */ = {isa = PBXFileReference; lastKnownFileType = sourcecode.swift; path = SideMenuViewModel.swift; sourceTree = "<group>"; };
		94C84C4A2815E2420073581A /* UserStateView.swift */ = {isa = PBXFileReference; lastKnownFileType = sourcecode.swift; path = UserStateView.swift; sourceTree = "<group>"; };
/* End PBXFileReference section */

/* Begin PBXFrameworksBuildPhase section */
		94C84C042815B47C0073581A /* Frameworks */ = {
			isa = PBXFrameworksBuildPhase;
			buildActionMask = 2147483647;
			files = (
			);
			runOnlyForDeploymentPostprocessing = 0;
		};
/* End PBXFrameworksBuildPhase section */

/* Begin PBXGroup section */
		94AED8D028161E9D00B0FA6F /* UploadTweet */ = {
			isa = PBXGroup;
			children = (
				94AED8D228161EB700B0FA6F /* View */,
				94AED8D128161EAB00B0FA6F /* ViewModel */,
			);
			path = UploadTweet;
			sourceTree = "<group>";
		};
		94AED8D128161EAB00B0FA6F /* ViewModel */ = {
			isa = PBXGroup;
			children = (
			);
			path = ViewModel;
			sourceTree = "<group>";
		};
		94AED8D228161EB700B0FA6F /* View */ = {
			isa = PBXGroup;
			children = (
				94AED8D328161ED200B0FA6F /* NewTweetView.swift */,
			);
			path = View;
			sourceTree = "<group>";
		};
		94C84BFE2815B47C0073581A = {
			isa = PBXGroup;
			children = (
				94C84C092815B47C0073581A /* TwitterCloneSwiftUI */,
				94C84C082815B47C0073581A /* Products */,
			);
			sourceTree = "<group>";
		};
		94C84C082815B47C0073581A /* Products */ = {
			isa = PBXGroup;
			children = (
				94C84C072815B47C0073581A /* TwitterCloneSwiftUI.app */,
			);
			name = Products;
			sourceTree = "<group>";
		};
		94C84C092815B47C0073581A /* TwitterCloneSwiftUI */ = {
			isa = PBXGroup;
			children = (
				94C84C1C2815B5340073581A /* Components */,
				94C84C1B2815B5150073581A /* Service */,
				94C84C1A2815B5110073581A /* Model */,
				94C84C192815B5040073581A /* Core */,
				94C84C182815B4F80073581A /* Extensions */,
				94C84C0A2815B47C0073581A /* TwitterCloneSwiftUIApp.swift */,
				94C84C0C2815B47C0073581A /* ContentView.swift */,
				94C84C0E2815B47E0073581A /* Assets.xcassets */,
				94C84C102815B47E0073581A /* Preview Content */,
			);
			path = TwitterCloneSwiftUI;
			sourceTree = "<group>";
		};
		94C84C102815B47E0073581A /* Preview Content */ = {
			isa = PBXGroup;
			children = (
				94C84C112815B47E0073581A /* Preview Assets.xcassets */,
			);
			path = "Preview Content";
			sourceTree = "<group>";
		};
		94C84C182815B4F80073581A /* Extensions */ = {
			isa = PBXGroup;
			children = (
			);
			path = Extensions;
			sourceTree = "<group>";
		};
		94C84C192815B5040073581A /* Core */ = {
			isa = PBXGroup;
			children = (
				94AED8D028161E9D00B0FA6F /* UploadTweet */,
				94C84C412815DFC50073581A /* SideMenu */,
				94C84C2B2815C2DE0073581A /* Messages */,
				94C84C2A2815C2D00073581A /* Profile */,
				94C84C292815C2BE0073581A /* Notifications */,
				94C84C282815C2B60073581A /* Explore */,
				94C84C252815C1750073581A /* MainTab */,
				94C84C1D2815B53A0073581A /* Feed */,
			);
			path = Core;
			sourceTree = "<group>";
		};
		94C84C1A2815B5110073581A /* Model */ = {
			isa = PBXGroup;
			children = (
			);
			path = Model;
			sourceTree = "<group>";
		};
		94C84C1B2815B5150073581A /* Service */ = {
			isa = PBXGroup;
			children = (
			);
			path = Service;
			sourceTree = "<group>";
		};
		94C84C1C2815B5340073581A /* Components */ = {
			isa = PBXGroup;
			children = (
				94C84C3E2815D67C0073581A /* Users */,
				94C84C222815B6D00073581A /* Tweets */,
				94AED8D52816206400B0FA6F /* TextArea.swift */,
			);
			path = Components;
			sourceTree = "<group>";
		};
		94C84C1D2815B53A0073581A /* Feed */ = {
			isa = PBXGroup;
			children = (
				94C84C1F2815B5910073581A /* View */,
				94C84C1E2815B5880073581A /* ViewModels */,
			);
			path = Feed;
			sourceTree = "<group>";
		};
		94C84C1E2815B5880073581A /* ViewModels */ = {
			isa = PBXGroup;
			children = (
			);
			path = ViewModels;
			sourceTree = "<group>";
		};
		94C84C1F2815B5910073581A /* View */ = {
			isa = PBXGroup;
			children = (
				94C84C202815B6100073581A /* FeedView.swift */,
			);
			path = View;
			sourceTree = "<group>";
		};
		94C84C222815B6D00073581A /* Tweets */ = {
			isa = PBXGroup;
			children = (
				94C84C232815B6E50073581A /* TweetRowView.swift */,
			);
			path = Tweets;
			sourceTree = "<group>";
		};
		94C84C252815C1750073581A /* MainTab */ = {
			isa = PBXGroup;
			children = (
				94C84C262815C18C0073581A /* MainTabView.swift */,
			);
			path = MainTab;
			sourceTree = "<group>";
		};
		94C84C282815C2B60073581A /* Explore */ = {
			isa = PBXGroup;
			children = (
				94C84C3D2815D63F0073581A /* View */,
				94C84C3C2815D6370073581A /* ViewModels */,
			);
			path = Explore;
			sourceTree = "<group>";
		};
		94C84C292815C2BE0073581A /* Notifications */ = {
			isa = PBXGroup;
			children = (
				94C84C2E2815C38D0073581A /* NotificationsView.swift */,
			);
			path = Notifications;
			sourceTree = "<group>";
		};
		94C84C2A2815C2D00073581A /* Profile */ = {
			isa = PBXGroup;
			children = (
				94C84C372815C5700073581A /* View */,
				94C84C362815C56A0073581A /* ViewModels */,
			);
			path = Profile;
			sourceTree = "<group>";
		};
		94C84C2B2815C2DE0073581A /* Messages */ = {
			isa = PBXGroup;
			children = (
				94C84C302815C3C60073581A /* MessagesView.swift */,
			);
			path = Messages;
			sourceTree = "<group>";
		};
		94C84C362815C56A0073581A /* ViewModels */ = {
			isa = PBXGroup;
			children = (
				94C84C3A2815CF210073581A /* TweetFilterViewModel.swift */,
			);
			path = ViewModels;
			sourceTree = "<group>";
		};
		94C84C372815C5700073581A /* View */ = {
			isa = PBXGroup;
			children = (
				94C84C382815C5820073581A /* ProfileView.swift */,
			);
			path = View;
			sourceTree = "<group>";
		};
		94C84C3C2815D6370073581A /* ViewModels */ = {
			isa = PBXGroup;
			children = (
			);
			path = ViewModels;
			sourceTree = "<group>";
		};
		94C84C3D2815D63F0073581A /* View */ = {
			isa = PBXGroup;
			children = (
				94C84C2C2815C32B0073581A /* ExploreView.swift */,
			);
			path = View;
			sourceTree = "<group>";
		};
		94C84C3E2815D67C0073581A /* Users */ = {
			isa = PBXGroup;
			children = (
				94C84C3F2815D6910073581A /* UserRowView.swift */,
				94C84C4A2815E2420073581A /* UserStateView.swift */,
			);
			path = Users;
			sourceTree = "<group>";
		};
		94C84C412815DFC50073581A /* SideMenu */ = {
			isa = PBXGroup;
			children = (
				94C84C432815DFDC0073581A /* Views */,
				94C84C422815DFD10073581A /* ViewModel */,
			);
			path = SideMenu;
			sourceTree = "<group>";
		};
		94C84C422815DFD10073581A /* ViewModel */ = {
			isa = PBXGroup;
			children = (
				94C84C482815E02B0073581A /* SideMenuViewModel.swift */,
			);
			path = ViewModel;
			sourceTree = "<group>";
		};
		94C84C432815DFDC0073581A /* Views */ = {
			isa = PBXGroup;
			children = (
				94C84C442815DFED0073581A /* SideMenuView.swift */,
				94C84C462815E0070073581A /* SideMenuOptionRowView.swift */,
			);
			path = Views;
			sourceTree = "<group>";
		};
/* End PBXGroup section */

/* Begin PBXNativeTarget section */
		94C84C062815B47C0073581A /* TwitterCloneSwiftUI */ = {
			isa = PBXNativeTarget;
			buildConfigurationList = 94C84C152815B47E0073581A /* Build configuration list for PBXNativeTarget "TwitterCloneSwiftUI" */;
			buildPhases = (
				94C84C032815B47C0073581A /* Sources */,
				94C84C042815B47C0073581A /* Frameworks */,
				94C84C052815B47C0073581A /* Resources */,
			);
			buildRules = (
			);
			dependencies = (
			);
			name = TwitterCloneSwiftUI;
			productName = TwitterCloneSwiftUI;
			productReference = 94C84C072815B47C0073581A /* TwitterCloneSwiftUI.app */;
			productType = "com.apple.product-type.application";
		};
/* End PBXNativeTarget section */

/* Begin PBXProject section */
		94C84BFF2815B47C0073581A /* Project object */ = {
			isa = PBXProject;
			attributes = {
				BuildIndependentTargetsInParallel = 1;
				LastSwiftUpdateCheck = 1330;
				LastUpgradeCheck = 1330;
				TargetAttributes = {
					94C84C062815B47C0073581A = {
						CreatedOnToolsVersion = 13.3;
					};
				};
			};
			buildConfigurationList = 94C84C022815B47C0073581A /* Build configuration list for PBXProject "TwitterCloneSwiftUI" */;
			compatibilityVersion = "Xcode 13.0";
			developmentRegion = en;
			hasScannedForEncodings = 0;
			knownRegions = (
				en,
				Base,
			);
			mainGroup = 94C84BFE2815B47C0073581A;
			productRefGroup = 94C84C082815B47C0073581A /* Products */;
			projectDirPath = "";
			projectRoot = "";
			targets = (
				94C84C062815B47C0073581A /* TwitterCloneSwiftUI */,
			);
		};
/* End PBXProject section */

/* Begin PBXResourcesBuildPhase section */
		94C84C052815B47C0073581A /* Resources */ = {
			isa = PBXResourcesBuildPhase;
			buildActionMask = 2147483647;
			files = (
				94C84C122815B47E0073581A /* Preview Assets.xcassets in Resources */,
				94C84C0F2815B47E0073581A /* Assets.xcassets in Resources */,
			);
			runOnlyForDeploymentPostprocessing = 0;
		};
/* End PBXResourcesBuildPhase section */

/* Begin PBXSourcesBuildPhase section */
		94C84C032815B47C0073581A /* Sources */ = {
			isa = PBXSourcesBuildPhase;
			buildActionMask = 2147483647;
			files = (
				94C84C312815C3C60073581A /* MessagesView.swift in Sources */,
				94C84C392815C5820073581A /* ProfileView.swift in Sources */,
				94C84C3B2815CF210073581A /* TweetFilterViewModel.swift in Sources */,
				94C84C472815E0070073581A /* SideMenuOptionRowView.swift in Sources */,
				94C84C0D2815B47C0073581A /* ContentView.swift in Sources */,
				94C84C2F2815C38D0073581A /* NotificationsView.swift in Sources */,
				94C84C242815B6E50073581A /* TweetRowView.swift in Sources */,
				94C84C452815DFED0073581A /* SideMenuView.swift in Sources */,
				94C84C212815B6100073581A /* FeedView.swift in Sources */,
				94C84C0B2815B47C0073581A /* TwitterCloneSwiftUIApp.swift in Sources */,
				94AED8D62816206400B0FA6F /* TextArea.swift in Sources */,
				94C84C492815E02B0073581A /* SideMenuViewModel.swift in Sources */,
				94AED8D428161ED200B0FA6F /* NewTweetView.swift in Sources */,
				94C84C402815D6910073581A /* UserRowView.swift in Sources */,
				94C84C4B2815E2420073581A /* UserStateView.swift in Sources */,
				94C84C2D2815C32B0073581A /* ExploreView.swift in Sources */,
				94C84C272815C18C0073581A /* MainTabView.swift in Sources */,
			);
			runOnlyForDeploymentPostprocessing = 0;
		};
/* End PBXSourcesBuildPhase section */

/* Begin XCBuildConfiguration section */
		94C84C132815B47E0073581A /* Debug */ = {
			isa = XCBuildConfiguration;
			buildSettings = {
				ALWAYS_SEARCH_USER_PATHS = NO;
				CLANG_ANALYZER_NONNULL = YES;
				CLANG_ANALYZER_NUMBER_OBJECT_CONVERSION = YES_AGGRESSIVE;
				CLANG_CXX_LANGUAGE_STANDARD = "gnu++17";
				CLANG_ENABLE_MODULES = YES;
				CLANG_ENABLE_OBJC_ARC = YES;
				CLANG_ENABLE_OBJC_WEAK = YES;
				CLANG_WARN_BLOCK_CAPTURE_AUTORELEASING = YES;
				CLANG_WARN_BOOL_CONVERSION = YES;
				CLANG_WARN_COMMA = YES;
				CLANG_WARN_CONSTANT_CONVERSION = YES;
				CLANG_WARN_DEPRECATED_OBJC_IMPLEMENTATIONS = YES;
				CLANG_WARN_DIRECT_OBJC_ISA_USAGE = YES_ERROR;
				CLANG_WARN_DOCUMENTATION_COMMENTS = YES;
				CLANG_WARN_EMPTY_BODY = YES;
				CLANG_WARN_ENUM_CONVERSION = YES;
				CLANG_WARN_INFINITE_RECURSION = YES;
				CLANG_WARN_INT_CONVERSION = YES;
				CLANG_WARN_NON_LITERAL_NULL_CONVERSION = YES;
				CLANG_WARN_OBJC_IMPLICIT_RETAIN_SELF = YES;
				CLANG_WARN_OBJC_LITERAL_CONVERSION = YES;
				CLANG_WARN_OBJC_ROOT_CLASS = YES_ERROR;
				CLANG_WARN_QUOTED_INCLUDE_IN_FRAMEWORK_HEADER = YES;
				CLANG_WARN_RANGE_LOOP_ANALYSIS = YES;
				CLANG_WARN_STRICT_PROTOTYPES = YES;
				CLANG_WARN_SUSPICIOUS_MOVE = YES;
				CLANG_WARN_UNGUARDED_AVAILABILITY = YES_AGGRESSIVE;
				CLANG_WARN_UNREACHABLE_CODE = YES;
				CLANG_WARN__DUPLICATE_METHOD_MATCH = YES;
				COPY_PHASE_STRIP = NO;
				DEBUG_INFORMATION_FORMAT = dwarf;
				ENABLE_STRICT_OBJC_MSGSEND = YES;
				ENABLE_TESTABILITY = YES;
				GCC_C_LANGUAGE_STANDARD = gnu11;
				GCC_DYNAMIC_NO_PIC = NO;
				GCC_NO_COMMON_BLOCKS = YES;
				GCC_OPTIMIZATION_LEVEL = 0;
				GCC_PREPROCESSOR_DEFINITIONS = (
					"DEBUG=1",
					"$(inherited)",
				);
				GCC_WARN_64_TO_32_BIT_CONVERSION = YES;
				GCC_WARN_ABOUT_RETURN_TYPE = YES_ERROR;
				GCC_WARN_UNDECLARED_SELECTOR = YES;
				GCC_WARN_UNINITIALIZED_AUTOS = YES_AGGRESSIVE;
				GCC_WARN_UNUSED_FUNCTION = YES;
				GCC_WARN_UNUSED_VARIABLE = YES;
				IPHONEOS_DEPLOYMENT_TARGET = 15.4;
				MTL_ENABLE_DEBUG_INFO = INCLUDE_SOURCE;
				MTL_FAST_MATH = YES;
				ONLY_ACTIVE_ARCH = YES;
				SDKROOT = iphoneos;
				SWIFT_ACTIVE_COMPILATION_CONDITIONS = DEBUG;
				SWIFT_OPTIMIZATION_LEVEL = "-Onone";
			};
			name = Debug;
		};
		94C84C142815B47E0073581A /* Release */ = {
			isa = XCBuildConfiguration;
			buildSettings = {
				ALWAYS_SEARCH_USER_PATHS = NO;
				CLANG_ANALYZER_NONNULL = YES;
				CLANG_ANALYZER_NUMBER_OBJECT_CONVERSION = YES_AGGRESSIVE;
				CLANG_CXX_LANGUAGE_STANDARD = "gnu++17";
				CLANG_ENABLE_MODULES = YES;
				CLANG_ENABLE_OBJC_ARC = YES;
				CLANG_ENABLE_OBJC_WEAK = YES;
				CLANG_WARN_BLOCK_CAPTURE_AUTORELEASING = YES;
				CLANG_WARN_BOOL_CONVERSION = YES;
				CLANG_WARN_COMMA = YES;
				CLANG_WARN_CONSTANT_CONVERSION = YES;
				CLANG_WARN_DEPRECATED_OBJC_IMPLEMENTATIONS = YES;
				CLANG_WARN_DIRECT_OBJC_ISA_USAGE = YES_ERROR;
				CLANG_WARN_DOCUMENTATION_COMMENTS = YES;
				CLANG_WARN_EMPTY_BODY = YES;
				CLANG_WARN_ENUM_CONVERSION = YES;
				CLANG_WARN_INFINITE_RECURSION = YES;
				CLANG_WARN_INT_CONVERSION = YES;
				CLANG_WARN_NON_LITERAL_NULL_CONVERSION = YES;
				CLANG_WARN_OBJC_IMPLICIT_RETAIN_SELF = YES;
				CLANG_WARN_OBJC_LITERAL_CONVERSION = YES;
				CLANG_WARN_OBJC_ROOT_CLASS = YES_ERROR;
				CLANG_WARN_QUOTED_INCLUDE_IN_FRAMEWORK_HEADER = YES;
				CLANG_WARN_RANGE_LOOP_ANALYSIS = YES;
				CLANG_WARN_STRICT_PROTOTYPES = YES;
				CLANG_WARN_SUSPICIOUS_MOVE = YES;
				CLANG_WARN_UNGUARDED_AVAILABILITY = YES_AGGRESSIVE;
				CLANG_WARN_UNREACHABLE_CODE = YES;
				CLANG_WARN__DUPLICATE_METHOD_MATCH = YES;
				COPY_PHASE_STRIP = NO;
				DEBUG_INFORMATION_FORMAT = "dwarf-with-dsym";
				ENABLE_NS_ASSERTIONS = NO;
				ENABLE_STRICT_OBJC_MSGSEND = YES;
				GCC_C_LANGUAGE_STANDARD = gnu11;
				GCC_NO_COMMON_BLOCKS = YES;
				GCC_WARN_64_TO_32_BIT_CONVERSION = YES;
				GCC_WARN_ABOUT_RETURN_TYPE = YES_ERROR;
				GCC_WARN_UNDECLARED_SELECTOR = YES;
				GCC_WARN_UNINITIALIZED_AUTOS = YES_AGGRESSIVE;
				GCC_WARN_UNUSED_FUNCTION = YES;
				GCC_WARN_UNUSED_VARIABLE = YES;
				IPHONEOS_DEPLOYMENT_TARGET = 15.4;
				MTL_ENABLE_DEBUG_INFO = NO;
				MTL_FAST_MATH = YES;
				SDKROOT = iphoneos;
				SWIFT_COMPILATION_MODE = wholemodule;
				SWIFT_OPTIMIZATION_LEVEL = "-O";
				VALIDATE_PRODUCT = YES;
			};
			name = Release;
		};
		94C84C162815B47E0073581A /* Debug */ = {
			isa = XCBuildConfiguration;
			buildSettings = {
				ASSETCATALOG_COMPILER_APPICON_NAME = AppIcon;
				ASSETCATALOG_COMPILER_GLOBAL_ACCENT_COLOR_NAME = AccentColor;
				CODE_SIGN_STYLE = Automatic;
				CURRENT_PROJECT_VERSION = 1;
				DEVELOPMENT_ASSET_PATHS = "\"TwitterCloneSwiftUI/Preview Content\"";
				ENABLE_PREVIEWS = YES;
				GENERATE_INFOPLIST_FILE = YES;
				INFOPLIST_KEY_UIApplicationSceneManifest_Generation = YES;
				INFOPLIST_KEY_UIApplicationSupportsIndirectInputEvents = YES;
				INFOPLIST_KEY_UILaunchScreen_Generation = YES;
				INFOPLIST_KEY_UISupportedInterfaceOrientations_iPad = "UIInterfaceOrientationPortrait UIInterfaceOrientationPortraitUpsideDown UIInterfaceOrientationLandscapeLeft UIInterfaceOrientationLandscapeRight";
				INFOPLIST_KEY_UISupportedInterfaceOrientations_iPhone = "UIInterfaceOrientationPortrait UIInterfaceOrientationLandscapeLeft UIInterfaceOrientationLandscapeRight";
				LD_RUNPATH_SEARCH_PATHS = (
					"$(inherited)",
					"@executable_path/Frameworks",
				);
				MARKETING_VERSION = 1.0;
				PRODUCT_BUNDLE_IDENTIFIER = com.lucasnewlands.TwitterCloneSwiftUI;
				PRODUCT_NAME = "$(TARGET_NAME)";
				SWIFT_EMIT_LOC_STRINGS = YES;
				SWIFT_VERSION = 5.0;
				TARGETED_DEVICE_FAMILY = "1,2";
			};
			name = Debug;
		};
		94C84C172815B47E0073581A /* Release */ = {
			isa = XCBuildConfiguration;
			buildSettings = {
				ASSETCATALOG_COMPILER_APPICON_NAME = AppIcon;
				ASSETCATALOG_COMPILER_GLOBAL_ACCENT_COLOR_NAME = AccentColor;
				CODE_SIGN_STYLE = Automatic;
				CURRENT_PROJECT_VERSION = 1;
				DEVELOPMENT_ASSET_PATHS = "\"TwitterCloneSwiftUI/Preview Content\"";
				ENABLE_PREVIEWS = YES;
				GENERATE_INFOPLIST_FILE = YES;
				INFOPLIST_KEY_UIApplicationSceneManifest_Generation = YES;
				INFOPLIST_KEY_UIApplicationSupportsIndirectInputEvents = YES;
				INFOPLIST_KEY_UILaunchScreen_Generation = YES;
				INFOPLIST_KEY_UISupportedInterfaceOrientations_iPad = "UIInterfaceOrientationPortrait UIInterfaceOrientationPortraitUpsideDown UIInterfaceOrientationLandscapeLeft UIInterfaceOrientationLandscapeRight";
				INFOPLIST_KEY_UISupportedInterfaceOrientations_iPhone = "UIInterfaceOrientationPortrait UIInterfaceOrientationLandscapeLeft UIInterfaceOrientationLandscapeRight";
				LD_RUNPATH_SEARCH_PATHS = (
					"$(inherited)",
					"@executable_path/Frameworks",
				);
				MARKETING_VERSION = 1.0;
				PRODUCT_BUNDLE_IDENTIFIER = com.lucasnewlands.TwitterCloneSwiftUI;
				PRODUCT_NAME = "$(TARGET_NAME)";
				SWIFT_EMIT_LOC_STRINGS = YES;
				SWIFT_VERSION = 5.0;
				TARGETED_DEVICE_FAMILY = "1,2";
			};
			name = Release;
		};
/* End XCBuildConfiguration section */

/* Begin XCConfigurationList section */
		94C84C022815B47C0073581A /* Build configuration list for PBXProject "TwitterCloneSwiftUI" */ = {
			isa = XCConfigurationList;
			buildConfigurations = (
				94C84C132815B47E0073581A /* Debug */,
				94C84C142815B47E0073581A /* Release */,
			);
			defaultConfigurationIsVisible = 0;
			defaultConfigurationName = Release;
		};
		94C84C152815B47E0073581A /* Build configuration list for PBXNativeTarget "TwitterCloneSwiftUI" */ = {
			isa = XCConfigurationList;
			buildConfigurations = (
				94C84C162815B47E0073581A /* Debug */,
				94C84C172815B47E0073581A /* Release */,
			);
			defaultConfigurationIsVisible = 0;
			defaultConfigurationName = Release;
		};
/* End XCConfigurationList section */
	};
	rootObject = 94C84BFF2815B47C0073581A /* Project object */;
}
